
Microsoft Visual Studio Solution File, Format Version 12.00
# Visual Studio Version 17
VisualStudioVersion = 17.11.35303.130
MinimumVisualStudioVersion = 10.0.40219.1
Project("{2150E333-8FDC-42A3-9474-1A3956D46DE8}") = "Task0", "Task0", "{5FBE7BE9-CD63-4291-A994-B3308FA77E36}"
EndProject
Project("{9A19103F-16F7-4668-BE54-9A1E7A4F7556}") = "Tyuiu.KomarovaMV.Sprint6.Task0.V16.Lib", "Tyuiu.KomarovaMV.Sprint6.Task0.V16.Lib\Tyuiu.KomarovaMV.Sprint6.Task0.V16.Lib.csproj", "{11BEC41A-229F-4CE7-9120-7973804FD554}"
EndProject
Project("{9A19103F-16F7-4668-BE54-9A1E7A4F7556}") = "Tyuiu.KomarovaMV.Sprint6.Task0.V16.Test", "Tyuiu.KomarovaMV.Sprint6.Task0.V16.Test\Tyuiu.KomarovaMV.Sprint6.Task0.V16.Test.csproj", "{ED4153FD-E06B-4782-B20C-CE681113AE78}"
EndProject
Project("{9A19103F-16F7-4668-BE54-9A1E7A4F7556}") = "Tyuiu.KomarovaMV.Sprint6.Task0.V16", "Tyuiu.KomarovaMV.Sprint6.Task0.V16\Tyuiu.KomarovaMV.Sprint6.Task0.V16.csproj", "{3E92D67A-A5B5-4AD9-9512-B431785A434D}"
EndProject
Project("{2150E333-8FDC-42A3-9474-1A3956D46DE8}") = "Task1", "Task1", "{C6BC0EAA-74EB-405B-B24A-D79060989C62}"
EndProject
Project("{9A19103F-16F7-4668-BE54-9A1E7A4F7556}") = "Tyuiu.KomarovaMV.Sprint6.Task1.V9.Lib", "Tyuiu.KomarovaMV.Sprint6.Task1.V9.Lib\Tyuiu.KomarovaMV.Sprint6.Task1.V9.Lib.csproj", "{2BF90CA3-142E-4979-A6C5-897696FA04DB}"
EndProject
Project("{9A19103F-16F7-4668-BE54-9A1E7A4F7556}") = "Tyuiu.KomarovaMV.Sprint6.Task1.V9.Test", "Tyuiu.KomarovaMV.Sprint6.Task1.V9.Test\Tyuiu.KomarovaMV.Sprint6.Task1.V9.Test.csproj", "{B6B28D7A-DC32-4105-9986-6532084FC772}"
EndProject
Project("{9A19103F-16F7-4668-BE54-9A1E7A4F7556}") = "Tyuiu.KomarovaMV.Sprint6.Task1.V9", "Tyuiu.KomarovaMV.Sprint6.Task1.V9\Tyuiu.KomarovaMV.Sprint6.Task1.V9.csproj", "{5237D312-AC26-4D8C-B3EA-07A88846862B}"
EndProject
Project("{2150E333-8FDC-42A3-9474-1A3956D46DE8}") = "Task2", "Task2", "{40033FD9-A9D4-428E-9617-5296C38676B4}"
EndProject
Project("{9A19103F-16F7-4668-BE54-9A1E7A4F7556}") = "Tyuiu.KomarovaMV.Sprint6.Task2.V3.Lib", "Tyuiu.KomarovaMV.Sprint6.Task2.V3.Lib\Tyuiu.KomarovaMV.Sprint6.Task2.V3.Lib.csproj", "{3525672F-4018-43A7-B929-883F5B5BB60D}"
EndProject
Project("{9A19103F-16F7-4668-BE54-9A1E7A4F7556}") = "Tyuiu.KomarovaMV.Sprint6.Task2.V3.Test", "Tyuiu.KomarovaMV.Sprint6.Task2.V3.Test\Tyuiu.KomarovaMV.Sprint6.Task2.V3.Test.csproj", "{C5FAFD09-245A-481D-83E7-AB9B9BEB01BC}"
EndProject
Project("{9A19103F-16F7-4668-BE54-9A1E7A4F7556}") = "Tyuiu.KomarovaMV.Sprint6.Task2.V3", "Tyuiu.KomarovaMV.Sprint6.Task2.V3\Tyuiu.KomarovaMV.Sprint6.Task2.V3.csproj", "{FA2A57B3-4B8B-41BD-9781-3EDF1F98C464}"
EndProject
Project("{2150E333-8FDC-42A3-9474-1A3956D46DE8}") = "Task3", "Task3", "{68C47280-96A7-46EC-8AAD-2A5F2FAACFDA}"
EndProject
Project("{9A19103F-16F7-4668-BE54-9A1E7A4F7556}") = "Tyuiu.KomarovaMV.Sprint6.Task3.V4.Lib", "Tyuiu.KomarovaMV.Sprint6.Task3.V4.Lib\Tyuiu.KomarovaMV.Sprint6.Task3.V4.Lib.csproj", "{A74F6617-E5AC-4725-9A7D-672800CC1F11}"
EndProject
Project("{9A19103F-16F7-4668-BE54-9A1E7A4F7556}") = "Tyuiu.KomarovaMV.Sprint6.Task3.V4.Test", "Tyuiu.KomarovaMV.Sprint6.Task3.V4.Test\Tyuiu.KomarovaMV.Sprint6.Task3.V4.Test.csproj", "{F21CC418-BDF0-4013-8BA4-74121A0A23E2}"
EndProject
Project("{9A19103F-16F7-4668-BE54-9A1E7A4F7556}") = "Tyuiu.KomarovaMV.Sprint6.Task3.V4", "Tyuiu.KomarovaMV.Sprint6.Task3.V4\Tyuiu.KomarovaMV.Sprint6.Task3.V4.csproj", "{8A8ACF54-6A65-49AB-9D52-7D12B17C4D3F}"
EndProject
Project("{2150E333-8FDC-42A3-9474-1A3956D46DE8}") = "Task4", "Task4", "{44180D05-1318-48D0-9B90-3988C963C79F}"
EndProject
Project("{FAE04EC0-301F-11D3-BF4B-00C04F79EFBC}") = "Tyuiu.KomarovaMV.Sprint6.Task4.V4.Lib", "Tyuiu.KomarovaMV.Sprint6.Task4.V4.Lib\Tyuiu.KomarovaMV.Sprint6.Task4.V4.Lib.csproj", "{FCC93AC4-76B6-4D42-86B7-3F32428D48A4}"
EndProject
Project("{FAE04EC0-301F-11D3-BF4B-00C04F79EFBC}") = "Tyuiu.KomarovaMV.Sprint6.Task4.V4.Test", "Tyuiu.KomarovaMV.Sprint6.Task4.V4.Test\Tyuiu.KomarovaMV.Sprint6.Task4.V4.Test.csproj", "{51EBAB30-1788-4D09-88FB-80378F9F3A76}"
EndProject
Project("{FAE04EC0-301F-11D3-BF4B-00C04F79EFBC}") = "Tyuiu.KomarovaMV.Sprint6.Task4.V4", "Tyuiu.KomarovaMV.Sprint6.Task4.V4\Tyuiu.KomarovaMV.Sprint6.Task4.V4.csproj", "{BE2657B6-B4EC-430A-B6C3-A47400CE6A24}"
EndProject
Global
	GlobalSection(SolutionConfigurationPlatforms) = preSolution
		Debug|Any CPU = Debug|Any CPU
		Release|Any CPU = Release|Any CPU
	EndGlobalSection
	GlobalSection(ProjectConfigurationPlatforms) = postSolution
		{11BEC41A-229F-4CE7-9120-7973804FD554}.Debug|Any CPU.ActiveCfg = Debug|Any CPU
		{11BEC41A-229F-4CE7-9120-7973804FD554}.Debug|Any CPU.Build.0 = Debug|Any CPU
		{11BEC41A-229F-4CE7-9120-7973804FD554}.Release|Any CPU.ActiveCfg = Release|Any CPU
		{11BEC41A-229F-4CE7-9120-7973804FD554}.Release|Any CPU.Build.0 = Release|Any CPU
		{ED4153FD-E06B-4782-B20C-CE681113AE78}.Debug|Any CPU.ActiveCfg = Debug|Any CPU
		{ED4153FD-E06B-4782-B20C-CE681113AE78}.Debug|Any CPU.Build.0 = Debug|Any CPU
		{ED4153FD-E06B-4782-B20C-CE681113AE78}.Release|Any CPU.ActiveCfg = Release|Any CPU
		{ED4153FD-E06B-4782-B20C-CE681113AE78}.Release|Any CPU.Build.0 = Release|Any CPU
		{3E92D67A-A5B5-4AD9-9512-B431785A434D}.Debug|Any CPU.ActiveCfg = Debug|Any CPU
		{3E92D67A-A5B5-4AD9-9512-B431785A434D}.Debug|Any CPU.Build.0 = Debug|Any CPU
		{3E92D67A-A5B5-4AD9-9512-B431785A434D}.Release|Any CPU.ActiveCfg = Release|Any CPU
		{3E92D67A-A5B5-4AD9-9512-B431785A434D}.Release|Any CPU.Build.0 = Release|Any CPU
		{2BF90CA3-142E-4979-A6C5-897696FA04DB}.Debug|Any CPU.ActiveCfg = Debug|Any CPU
		{2BF90CA3-142E-4979-A6C5-897696FA04DB}.Debug|Any CPU.Build.0 = Debug|Any CPU
		{2BF90CA3-142E-4979-A6C5-897696FA04DB}.Release|Any CPU.ActiveCfg = Release|Any CPU
		{2BF90CA3-142E-4979-A6C5-897696FA04DB}.Release|Any CPU.Build.0 = Release|Any CPU
		{B6B28D7A-DC32-4105-9986-6532084FC772}.Debug|Any CPU.ActiveCfg = Debug|Any CPU
		{B6B28D7A-DC32-4105-9986-6532084FC772}.Debug|Any CPU.Build.0 = Debug|Any CPU
		{B6B28D7A-DC32-4105-9986-6532084FC772}.Release|Any CPU.ActiveCfg = Release|Any CPU
		{B6B28D7A-DC32-4105-9986-6532084FC772}.Release|Any CPU.Build.0 = Release|Any CPU
		{5237D312-AC26-4D8C-B3EA-07A88846862B}.Debug|Any CPU.ActiveCfg = Debug|Any CPU
		{5237D312-AC26-4D8C-B3EA-07A88846862B}.Debug|Any CPU.Build.0 = Debug|Any CPU
		{5237D312-AC26-4D8C-B3EA-07A88846862B}.Release|Any CPU.ActiveCfg = Release|Any CPU
		{5237D312-AC26-4D8C-B3EA-07A88846862B}.Release|Any CPU.Build.0 = Release|Any CPU
		{3525672F-4018-43A7-B929-883F5B5BB60D}.Debug|Any CPU.ActiveCfg = Debug|Any CPU
		{3525672F-4018-43A7-B929-883F5B5BB60D}.Debug|Any CPU.Build.0 = Debug|Any CPU
		{3525672F-4018-43A7-B929-883F5B5BB60D}.Release|Any CPU.ActiveCfg = Release|Any CPU
		{3525672F-4018-43A7-B929-883F5B5BB60D}.Release|Any CPU.Build.0 = Release|Any CPU
		{C5FAFD09-245A-481D-83E7-AB9B9BEB01BC}.Debug|Any CPU.ActiveCfg = Debug|Any CPU
		{C5FAFD09-245A-481D-83E7-AB9B9BEB01BC}.Debug|Any CPU.Build.0 = Debug|Any CPU
		{C5FAFD09-245A-481D-83E7-AB9B9BEB01BC}.Release|Any CPU.ActiveCfg = Release|Any CPU
		{C5FAFD09-245A-481D-83E7-AB9B9BEB01BC}.Release|Any CPU.Build.0 = Release|Any CPU
		{FA2A57B3-4B8B-41BD-9781-3EDF1F98C464}.Debug|Any CPU.ActiveCfg = Debug|Any CPU
		{FA2A57B3-4B8B-41BD-9781-3EDF1F98C464}.Debug|Any CPU.Build.0 = Debug|Any CPU
		{FA2A57B3-4B8B-41BD-9781-3EDF1F98C464}.Release|Any CPU.ActiveCfg = Release|Any CPU
		{FA2A57B3-4B8B-41BD-9781-3EDF1F98C464}.Release|Any CPU.Build.0 = Release|Any CPU
		{A74F6617-E5AC-4725-9A7D-672800CC1F11}.Debug|Any CPU.ActiveCfg = Debug|Any CPU
		{A74F6617-E5AC-4725-9A7D-672800CC1F11}.Debug|Any CPU.Build.0 = Debug|Any CPU
		{A74F6617-E5AC-4725-9A7D-672800CC1F11}.Release|Any CPU.ActiveCfg = Release|Any CPU
		{A74F6617-E5AC-4725-9A7D-672800CC1F11}.Release|Any CPU.Build.0 = Release|Any CPU
		{F21CC418-BDF0-4013-8BA4-74121A0A23E2}.Debug|Any CPU.ActiveCfg = Debug|Any CPU
		{F21CC418-BDF0-4013-8BA4-74121A0A23E2}.Debug|Any CPU.Build.0 = Debug|Any CPU
		{F21CC418-BDF0-4013-8BA4-74121A0A23E2}.Release|Any CPU.ActiveCfg = Release|Any CPU
		{F21CC418-BDF0-4013-8BA4-74121A0A23E2}.Release|Any CPU.Build.0 = Release|Any CPU
		{8A8ACF54-6A65-49AB-9D52-7D12B17C4D3F}.Debug|Any CPU.ActiveCfg = Debug|Any CPU
		{8A8ACF54-6A65-49AB-9D52-7D12B17C4D3F}.Debug|Any CPU.Build.0 = Debug|Any CPU
		{8A8ACF54-6A65-49AB-9D52-7D12B17C4D3F}.Release|Any CPU.ActiveCfg = Release|Any CPU
		{8A8ACF54-6A65-49AB-9D52-7D12B17C4D3F}.Release|Any CPU.Build.0 = Release|Any CPU
		{FCC93AC4-76B6-4D42-86B7-3F32428D48A4}.Debug|Any CPU.ActiveCfg = Debug|Any CPU
		{FCC93AC4-76B6-4D42-86B7-3F32428D48A4}.Debug|Any CPU.Build.0 = Debug|Any CPU
		{FCC93AC4-76B6-4D42-86B7-3F32428D48A4}.Release|Any CPU.ActiveCfg = Release|Any CPU
		{FCC93AC4-76B6-4D42-86B7-3F32428D48A4}.Release|Any CPU.Build.0 = Release|Any CPU
		{51EBAB30-1788-4D09-88FB-80378F9F3A76}.Debug|Any CPU.ActiveCfg = Debug|Any CPU
		{51EBAB30-1788-4D09-88FB-80378F9F3A76}.Debug|Any CPU.Build.0 = Debug|Any CPU
		{51EBAB30-1788-4D09-88FB-80378F9F3A76}.Release|Any CPU.ActiveCfg = Release|Any CPU
		{51EBAB30-1788-4D09-88FB-80378F9F3A76}.Release|Any CPU.Build.0 = Release|Any CPU
		{BE2657B6-B4EC-430A-B6C3-A47400CE6A24}.Debug|Any CPU.ActiveCfg = Debug|Any CPU
		{BE2657B6-B4EC-430A-B6C3-A47400CE6A24}.Debug|Any CPU.Build.0 = Debug|Any CPU
		{BE2657B6-B4EC-430A-B6C3-A47400CE6A24}.Release|Any CPU.ActiveCfg = Release|Any CPU
		{BE2657B6-B4EC-430A-B6C3-A47400CE6A24}.Release|Any CPU.Build.0 = Release|Any CPU
	EndGlobalSection
	GlobalSection(SolutionProperties) = preSolution
		HideSolutionNode = FALSE
	EndGlobalSection
	GlobalSection(NestedProjects) = preSolution
		{11BEC41A-229F-4CE7-9120-7973804FD554} = {5FBE7BE9-CD63-4291-A994-B3308FA77E36}
		{ED4153FD-E06B-4782-B20C-CE681113AE78} = {5FBE7BE9-CD63-4291-A994-B3308FA77E36}
		{3E92D67A-A5B5-4AD9-9512-B431785A434D} = {5FBE7BE9-CD63-4291-A994-B3308FA77E36}
		{2BF90CA3-142E-4979-A6C5-897696FA04DB} = {C6BC0EAA-74EB-405B-B24A-D79060989C62}
		{B6B28D7A-DC32-4105-9986-6532084FC772} = {C6BC0EAA-74EB-405B-B24A-D79060989C62}
		{5237D312-AC26-4D8C-B3EA-07A88846862B} = {C6BC0EAA-74EB-405B-B24A-D79060989C62}
		{3525672F-4018-43A7-B929-883F5B5BB60D} = {40033FD9-A9D4-428E-9617-5296C38676B4}
		{C5FAFD09-245A-481D-83E7-AB9B9BEB01BC} = {40033FD9-A9D4-428E-9617-5296C38676B4}
		{FA2A57B3-4B8B-41BD-9781-3EDF1F98C464} = {40033FD9-A9D4-428E-9617-5296C38676B4}
		{A74F6617-E5AC-4725-9A7D-672800CC1F11} = {68C47280-96A7-46EC-8AAD-2A5F2FAACFDA}
		{F21CC418-BDF0-4013-8BA4-74121A0A23E2} = {68C47280-96A7-46EC-8AAD-2A5F2FAACFDA}
		{8A8ACF54-6A65-49AB-9D52-7D12B17C4D3F} = {68C47280-96A7-46EC-8AAD-2A5F2FAACFDA}
		{FCC93AC4-76B6-4D42-86B7-3F32428D48A4} = {44180D05-1318-48D0-9B90-3988C963C79F}
		{51EBAB30-1788-4D09-88FB-80378F9F3A76} = {44180D05-1318-48D0-9B90-3988C963C79F}
		{BE2657B6-B4EC-430A-B6C3-A47400CE6A24} = {44180D05-1318-48D0-9B90-3988C963C79F}
	EndGlobalSection
	GlobalSection(ExtensibilityGlobals) = postSolution
		SolutionGuid = {456BC1A9-122F-479B-9945-91903616F6D5}
	EndGlobalSection
EndGlobal
