
Microsoft Visual Studio Solution File, Format Version 12.00
# Visual Studio Version 17
VisualStudioVersion = 17.11.35303.130
MinimumVisualStudioVersion = 10.0.40219.1
Project("{2150E333-8FDC-42A3-9474-1A3956D46DE8}") = "Task0", "Task0", "{5FBE7BE9-CD63-4291-A994-B3308FA77E36}"
EndProject
Project("{9A19103F-16F7-4668-BE54-9A1E7A4F7556}") = "Tyuiu.KomarovaMV.Sprint6.Task0.V16.Lib", "Tyuiu.KomarovaMV.Sprint6.Task0.V16.Lib\Tyuiu.KomarovaMV.Sprint6.Task0.V16.Lib.csproj", "{11BEC41A-229F-4CE7-9120-7973804FD554}"
EndProject
Project("{9A19103F-16F7-4668-BE54-9A1E7A4F7556}") = "Tyuiu.KomarovaMV.Sprint6.Task0.V16.Test", "Tyuiu.KomarovaMV.Sprint6.Task0.V16.Test\Tyuiu.KomarovaMV.Sprint6.Task0.V16.Test.csproj", "{ED4153FD-E06B-4782-B20C-CE681113AE78}"
EndProject
Project("{9A19103F-16F7-4668-BE54-9A1E7A4F7556}") = "Tyuiu.KomarovaMV.Sprint6.Task0.V16", "Tyuiu.KomarovaMV.Sprint6.Task0.V16\Tyuiu.KomarovaMV.Sprint6.Task0.V16.csproj", "{3E92D67A-A5B5-4AD9-9512-B431785A434D}"
EndProject
Project("{2150E333-8FDC-42A3-9474-1A3956D46DE8}") = "Task1", "Task1", "{C6BC0EAA-74EB-405B-B24A-D79060989C62}"
EndProject
Project("{FAE04EC0-301F-11D3-BF4B-00C04F79EFBC}") = "Tyuiu.KomarovaMV.Sprint6.Task1.V9.Lib", "Tyuiu.KomarovaMV.Sprint6.Task1.V9.Lib\Tyuiu.KomarovaMV.Sprint6.Task1.V9.Lib.csproj", "{2BF90CA3-142E-4979-A6C5-897696FA04DB}"
EndProject
Project("{FAE04EC0-301F-11D3-BF4B-00C04F79EFBC}") = "Tyuiu.KomarovaMV.Sprint6.Task1.V9.Test", "Tyuiu.KomarovaMV.Sprint6.Task1.V9.Test\Tyuiu.KomarovaMV.Sprint6.Task1.V9.Test.csproj", "{B6B28D7A-DC32-4105-9986-6532084FC772}"
EndProject
Project("{FAE04EC0-301F-11D3-BF4B-00C04F79EFBC}") = "Tyuiu.KomarovaMV.Sprint6.Task1.V9", "Tyuiu.KomarovaMV.Sprint6.Task1.V9\Tyuiu.KomarovaMV.Sprint6.Task1.V9.csproj", "{5237D312-AC26-4D8C-B3EA-07A88846862B}"
EndProject
Global
	GlobalSection(SolutionConfigurationPlatforms) = preSolution
		Debug|Any CPU = Debug|Any CPU
		Release|Any CPU = Release|Any CPU
	EndGlobalSection
	GlobalSection(ProjectConfigurationPlatforms) = postSolution
		{11BEC41A-229F-4CE7-9120-7973804FD554}.Debug|Any CPU.ActiveCfg = Debug|Any CPU
		{11BEC41A-229F-4CE7-9120-7973804FD554}.Debug|Any CPU.Build.0 = Debug|Any CPU
		{11BEC41A-229F-4CE7-9120-7973804FD554}.Release|Any CPU.ActiveCfg = Release|Any CPU
		{11BEC41A-229F-4CE7-9120-7973804FD554}.Release|Any CPU.Build.0 = Release|Any CPU
		{ED4153FD-E06B-4782-B20C-CE681113AE78}.Debug|Any CPU.ActiveCfg = Debug|Any CPU
		{ED4153FD-E06B-4782-B20C-CE681113AE78}.Debug|Any CPU.Build.0 = Debug|Any CPU
		{ED4153FD-E06B-4782-B20C-CE681113AE78}.Release|Any CPU.ActiveCfg = Release|Any CPU
		{ED4153FD-E06B-4782-B20C-CE681113AE78}.Release|Any CPU.Build.0 = Release|Any CPU
		{3E92D67A-A5B5-4AD9-9512-B431785A434D}.Debug|Any CPU.ActiveCfg = Debug|Any CPU
		{3E92D67A-A5B5-4AD9-9512-B431785A434D}.Debug|Any CPU.Build.0 = Debug|Any CPU
		{3E92D67A-A5B5-4AD9-9512-B431785A434D}.Release|Any CPU.ActiveCfg = Release|Any CPU
		{3E92D67A-A5B5-4AD9-9512-B431785A434D}.Release|Any CPU.Build.0 = Release|Any CPU
		{2BF90CA3-142E-4979-A6C5-897696FA04DB}.Debug|Any CPU.ActiveCfg = Debug|Any CPU
		{2BF90CA3-142E-4979-A6C5-897696FA04DB}.Debug|Any CPU.Build.0 = Debug|Any CPU
		{2BF90CA3-142E-4979-A6C5-897696FA04DB}.Release|Any CPU.ActiveCfg = Release|Any CPU
		{2BF90CA3-142E-4979-A6C5-897696FA04DB}.Release|Any CPU.Build.0 = Release|Any CPU
		{B6B28D7A-DC32-4105-9986-6532084FC772}.Debug|Any CPU.ActiveCfg = Debug|Any CPU
		{B6B28D7A-DC32-4105-9986-6532084FC772}.Debug|Any CPU.Build.0 = Debug|Any CPU
		{B6B28D7A-DC32-4105-9986-6532084FC772}.Release|Any CPU.ActiveCfg = Release|Any CPU
		{B6B28D7A-DC32-4105-9986-6532084FC772}.Release|Any CPU.Build.0 = Release|Any CPU
		{5237D312-AC26-4D8C-B3EA-07A88846862B}.Debug|Any CPU.ActiveCfg = Debug|Any CPU
		{5237D312-AC26-4D8C-B3EA-07A88846862B}.Debug|Any CPU.Build.0 = Debug|Any CPU
		{5237D312-AC26-4D8C-B3EA-07A88846862B}.Release|Any CPU.ActiveCfg = Release|Any CPU
		{5237D312-AC26-4D8C-B3EA-07A88846862B}.Release|Any CPU.Build.0 = Release|Any CPU
	EndGlobalSection
	GlobalSection(SolutionProperties) = preSolution
		HideSolutionNode = FALSE
	EndGlobalSection
	GlobalSection(NestedProjects) = preSolution
		{11BEC41A-229F-4CE7-9120-7973804FD554} = {5FBE7BE9-CD63-4291-A994-B3308FA77E36}
		{ED4153FD-E06B-4782-B20C-CE681113AE78} = {5FBE7BE9-CD63-4291-A994-B3308FA77E36}
		{3E92D67A-A5B5-4AD9-9512-B431785A434D} = {5FBE7BE9-CD63-4291-A994-B3308FA77E36}
		{2BF90CA3-142E-4979-A6C5-897696FA04DB} = {C6BC0EAA-74EB-405B-B24A-D79060989C62}
		{B6B28D7A-DC32-4105-9986-6532084FC772} = {C6BC0EAA-74EB-405B-B24A-D79060989C62}
		{5237D312-AC26-4D8C-B3EA-07A88846862B} = {C6BC0EAA-74EB-405B-B24A-D79060989C62}
	EndGlobalSection
	GlobalSection(ExtensibilityGlobals) = postSolution
		SolutionGuid = {456BC1A9-122F-479B-9945-91903616F6D5}
	EndGlobalSection
EndGlobal
